
Microsoft Visual Studio Solution File, Format Version 12.00
# Visual Studio Version 16
VisualStudioVersion = 16.0.31313.79
MinimumVisualStudioVersion = 10.0.40219.1
Project("{FAE04EC0-301F-11D3-BF4B-00C04F79EFBC}") = "OperacionesConsola", "OperacionesConsola.csproj", "{8336E3C2-E8CD-42B3-A5F9-340D06B3475C}"
EndProject
Global
	GlobalSection(SolutionConfigurationPlatforms) = preSolution
		Debug|Any CPU = Debug|Any CPU
		Release|Any CPU = Release|Any CPU
	EndGlobalSection
	GlobalSection(ProjectConfigurationPlatforms) = postSolution
		{8336E3C2-E8CD-42B3-A5F9-340D06B3475C}.Debug|Any CPU.ActiveCfg = Debug|Any CPU
		{8336E3C2-E8CD-42B3-A5F9-340D06B3475C}.Debug|Any CPU.Build.0 = Debug|Any CPU
		{8336E3C2-E8CD-42B3-A5F9-340D06B3475C}.Release|Any CPU.ActiveCfg = Release|Any CPU
		{8336E3C2-E8CD-42B3-A5F9-340D06B3475C}.Release|Any CPU.Build.0 = Release|Any CPU
	EndGlobalSection
	GlobalSection(SolutionProperties) = preSolution
		HideSolutionNode = FALSE
	EndGlobalSection
	GlobalSection(ExtensibilityGlobals) = postSolution
		SolutionGuid = {3AA474C5-9C91-485F-8B60-48BC35EB23E8}
	EndGlobalSection
EndGlobal
